
Microsoft Visual Studio Solution File, Format Version 12.00
# Visual Studio Version 17
VisualStudioVersion = 17.9.34616.47
MinimumVisualStudioVersion = 10.0.40219.1
Project("{9A19103F-16F7-4668-BE54-9A1E7A4F7556}") = "MarketExpress", "MarketExpress\MarketExpress.csproj", "{9479C828-6B5E-428E-8E0E-DDF2D6642ADA}"
EndProject
Global
	GlobalSection(SolutionConfigurationPlatforms) = preSolution
		Debug|Any CPU = Debug|Any CPU
		Release|Any CPU = Release|Any CPU
	EndGlobalSection
	GlobalSection(ProjectConfigurationPlatforms) = postSolution
		{9479C828-6B5E-428E-8E0E-DDF2D6642ADA}.Debug|Any CPU.ActiveCfg = Debug|Any CPU
		{9479C828-6B5E-428E-8E0E-DDF2D6642ADA}.Debug|Any CPU.Build.0 = Debug|Any CPU
		{9479C828-6B5E-428E-8E0E-DDF2D6642ADA}.Release|Any CPU.ActiveCfg = Release|Any CPU
		{9479C828-6B5E-428E-8E0E-DDF2D6642ADA}.Release|Any CPU.Build.0 = Release|Any CPU
	EndGlobalSection
	GlobalSection(SolutionProperties) = preSolution
		HideSolutionNode = FALSE
	EndGlobalSection
	GlobalSection(ExtensibilityGlobals) = postSolution
		SolutionGuid = {070AAA0A-46C9-476E-AF02-002A26C2E794}
	EndGlobalSection
EndGlobal
